
Microsoft Visual Studio Solution File, Format Version 12.00
# Visual Studio Version 17
VisualStudioVersion = 17.5.002.0
MinimumVisualStudioVersion = 10.0.40219.1
Project("{2150E333-8FDC-42A3-9474-1A3956D46DE8}") = "csharp-prep", "csharp-prep", "{583958EE-863D-4819-93B2-99D0D69A07C3}"
EndProject
Project("{9A19103F-16F7-4668-BE54-9A1E7A4F7556}") = "Prep1", "csharp-prep\Prep1\Prep1.csproj", "{B8104A41-39D4-40F1-BD62-E562E6F0F760}"
EndProject
Project("{9A19103F-16F7-4668-BE54-9A1E7A4F7556}") = "Prep2", "csharp-prep\Prep2\Prep2.csproj", "{30871FD3-0DAB-4684-A5D1-1994E166184B}"
EndProject
Project("{9A19103F-16F7-4668-BE54-9A1E7A4F7556}") = "Prep3", "csharp-prep\Prep3\Prep3.csproj", "{9DE3A2DE-C764-4EA9-BBBA-8D3D4985722F}"
EndProject
Project("{9A19103F-16F7-4668-BE54-9A1E7A4F7556}") = "Prep4", "csharp-prep\Prep4\Prep4.csproj", "{5B6585D8-4DEB-4715-9DBC-564F9CBEE398}"
EndProject
Project("{9A19103F-16F7-4668-BE54-9A1E7A4F7556}") = "Prep5", "csharp-prep\Prep5\Prep5.csproj", "{D4AF248C-8EBD-45FE-95C0-0F9461B03BE9}"
EndProject
Project("{2150E333-8FDC-42A3-9474-1A3956D46DE8}") = "final", "final", "{B53EDB27-678F-4484-BE12-6780128B52EA}"
EndProject
Project("{9A19103F-16F7-4668-BE54-9A1E7A4F7556}") = "FinalProject", "final\FinalProject\FinalProject.csproj", "{B5A2C854-CD6D-4A1F-ACF0-B0AA09B4658D}"
EndProject
Project("{9A19103F-16F7-4668-BE54-9A1E7A4F7556}") = "Foundation1", "final\Foundation1\Foundation1.csproj", "{A4D142B6-25C4-45DF-A880-4D7D2D3A87E1}"
EndProject
Project("{9A19103F-16F7-4668-BE54-9A1E7A4F7556}") = "Foundation2", "final\Foundation2\Foundation2.csproj", "{09F8C84C-C213-418D-A622-A816B0482B1B}"
EndProject
Project("{9A19103F-16F7-4668-BE54-9A1E7A4F7556}") = "Foundation3", "final\Foundation3\Foundation3.csproj", "{52B31AC2-95A7-40C7-8716-DF85CFCB69A7}"
EndProject
Project("{9A19103F-16F7-4668-BE54-9A1E7A4F7556}") = "Foundation4", "final\Foundation4\Foundation4.csproj", "{39132456-D630-455E-AB04-D27C441F613F}"
EndProject
Project("{2150E333-8FDC-42A3-9474-1A3956D46DE8}") = "prepare", "prepare", "{00690FE0-E4B9-4A59-B02C-AAFD01A42BB3}"
EndProject
Project("{9A19103F-16F7-4668-BE54-9A1E7A4F7556}") = "Learning02", "prepare\Learning02\Learning02.csproj", "{DDFD532D-F62C-4DAD-93A7-DFD8DABB12F4}"
EndProject
Project("{9A19103F-16F7-4668-BE54-9A1E7A4F7556}") = "Learning03", "prepare\Learning03\Learning03.csproj", "{EDD05468-4CC1-46DC-BB88-236546E845FC}"
EndProject
Project("{9A19103F-16F7-4668-BE54-9A1E7A4F7556}") = "Learning04", "prepare\Learning04\Learning04.csproj", "{D5F2264F-3A43-4919-85B2-4EF840033740}"
EndProject
Project("{9A19103F-16F7-4668-BE54-9A1E7A4F7556}") = "Learning05", "prepare\Learning05\Learning05.csproj", "{2BDB1967-76F5-48B6-9BD0-6C95B48B8F8A}"
EndProject
Project("{2150E333-8FDC-42A3-9474-1A3956D46DE8}") = "prove", "prove", "{89FF9D6E-978B-4F0C-A246-848BF4A337E6}"
EndProject
Project("{9A19103F-16F7-4668-BE54-9A1E7A4F7556}") = "Develop02", "prove\Develop02\Develop02.csproj", "{4E0439A3-58A4-4C12-8517-B82FEF16D21C}"
EndProject
Project("{9A19103F-16F7-4668-BE54-9A1E7A4F7556}") = "Develop03", "prove\Develop03\Develop03.csproj", "{446DFEF9-FBA7-47B8-B7BD-38A392FF1EEE}"
EndProject
Project("{9A19103F-16F7-4668-BE54-9A1E7A4F7556}") = "Develop04", "prove\Develop04\Develop04.csproj", "{8601D50E-D464-4146-BC3E-D753A5F5CD59}"
EndProject
Project("{9A19103F-16F7-4668-BE54-9A1E7A4F7556}") = "Develop05", "prove\Develop05\Develop05.csproj", "{E86B6A66-E1D4-44B6-9D23-52D1C0E9F7A4}"
EndProject
Project("{2150E333-8FDC-42A3-9474-1A3956D46DE8}") = "sandbox", "sandbox", "{898CC525-911D-4DA6-9435-ADAEC2D2EFA9}"
EndProject
Project("{9A19103F-16F7-4668-BE54-9A1E7A4F7556}") = "Sandbox", "sandbox\Sandbox\Sandbox.csproj", "{46A4E782-E37F-46BB-AF35-A0BB983260D4}"
EndProject
Global
	GlobalSection(SolutionConfigurationPlatforms) = preSolution
		Debug|Any CPU = Debug|Any CPU
		Release|Any CPU = Release|Any CPU
	EndGlobalSection
	GlobalSection(ProjectConfigurationPlatforms) = postSolution
		{B8104A41-39D4-40F1-BD62-E562E6F0F760}.Debug|Any CPU.ActiveCfg = Debug|Any CPU
		{B8104A41-39D4-40F1-BD62-E562E6F0F760}.Debug|Any CPU.Build.0 = Debug|Any CPU
		{B8104A41-39D4-40F1-BD62-E562E6F0F760}.Release|Any CPU.ActiveCfg = Release|Any CPU
		{B8104A41-39D4-40F1-BD62-E562E6F0F760}.Release|Any CPU.Build.0 = Release|Any CPU
		{30871FD3-0DAB-4684-A5D1-1994E166184B}.Debug|Any CPU.ActiveCfg = Debug|Any CPU
		{30871FD3-0DAB-4684-A5D1-1994E166184B}.Debug|Any CPU.Build.0 = Debug|Any CPU
		{30871FD3-0DAB-4684-A5D1-1994E166184B}.Release|Any CPU.ActiveCfg = Release|Any CPU
		{30871FD3-0DAB-4684-A5D1-1994E166184B}.Release|Any CPU.Build.0 = Release|Any CPU
		{9DE3A2DE-C764-4EA9-BBBA-8D3D4985722F}.Debug|Any CPU.ActiveCfg = Debug|Any CPU
		{9DE3A2DE-C764-4EA9-BBBA-8D3D4985722F}.Debug|Any CPU.Build.0 = Debug|Any CPU
		{9DE3A2DE-C764-4EA9-BBBA-8D3D4985722F}.Release|Any CPU.ActiveCfg = Release|Any CPU
		{9DE3A2DE-C764-4EA9-BBBA-8D3D4985722F}.Release|Any CPU.Build.0 = Release|Any CPU
		{5B6585D8-4DEB-4715-9DBC-564F9CBEE398}.Debug|Any CPU.ActiveCfg = Debug|Any CPU
		{5B6585D8-4DEB-4715-9DBC-564F9CBEE398}.Debug|Any CPU.Build.0 = Debug|Any CPU
		{5B6585D8-4DEB-4715-9DBC-564F9CBEE398}.Release|Any CPU.ActiveCfg = Release|Any CPU
		{5B6585D8-4DEB-4715-9DBC-564F9CBEE398}.Release|Any CPU.Build.0 = Release|Any CPU
		{D4AF248C-8EBD-45FE-95C0-0F9461B03BE9}.Debug|Any CPU.ActiveCfg = Debug|Any CPU
		{D4AF248C-8EBD-45FE-95C0-0F9461B03BE9}.Debug|Any CPU.Build.0 = Debug|Any CPU
		{D4AF248C-8EBD-45FE-95C0-0F9461B03BE9}.Release|Any CPU.ActiveCfg = Release|Any CPU
		{D4AF248C-8EBD-45FE-95C0-0F9461B03BE9}.Release|Any CPU.Build.0 = Release|Any CPU
		{B5A2C854-CD6D-4A1F-ACF0-B0AA09B4658D}.Debug|Any CPU.ActiveCfg = Debug|Any CPU
		{B5A2C854-CD6D-4A1F-ACF0-B0AA09B4658D}.Debug|Any CPU.Build.0 = Debug|Any CPU
		{B5A2C854-CD6D-4A1F-ACF0-B0AA09B4658D}.Release|Any CPU.ActiveCfg = Release|Any CPU
		{B5A2C854-CD6D-4A1F-ACF0-B0AA09B4658D}.Release|Any CPU.Build.0 = Release|Any CPU
		{A4D142B6-25C4-45DF-A880-4D7D2D3A87E1}.Debug|Any CPU.ActiveCfg = Debug|Any CPU
		{A4D142B6-25C4-45DF-A880-4D7D2D3A87E1}.Debug|Any CPU.Build.0 = Debug|Any CPU
		{A4D142B6-25C4-45DF-A880-4D7D2D3A87E1}.Release|Any CPU.ActiveCfg = Release|Any CPU
		{A4D142B6-25C4-45DF-A880-4D7D2D3A87E1}.Release|Any CPU.Build.0 = Release|Any CPU
		{09F8C84C-C213-418D-A622-A816B0482B1B}.Debug|Any CPU.ActiveCfg = Debug|Any CPU
		{09F8C84C-C213-418D-A622-A816B0482B1B}.Debug|Any CPU.Build.0 = Debug|Any CPU
		{09F8C84C-C213-418D-A622-A816B0482B1B}.Release|Any CPU.ActiveCfg = Release|Any CPU
		{09F8C84C-C213-418D-A622-A816B0482B1B}.Release|Any CPU.Build.0 = Release|Any CPU
		{52B31AC2-95A7-40C7-8716-DF85CFCB69A7}.Debug|Any CPU.ActiveCfg = Debug|Any CPU
		{52B31AC2-95A7-40C7-8716-DF85CFCB69A7}.Debug|Any CPU.Build.0 = Debug|Any CPU
		{52B31AC2-95A7-40C7-8716-DF85CFCB69A7}.Release|Any CPU.ActiveCfg = Release|Any CPU
		{52B31AC2-95A7-40C7-8716-DF85CFCB69A7}.Release|Any CPU.Build.0 = Release|Any CPU
		{39132456-D630-455E-AB04-D27C441F613F}.Debug|Any CPU.ActiveCfg = Debug|Any CPU
		{39132456-D630-455E-AB04-D27C441F613F}.Debug|Any CPU.Build.0 = Debug|Any CPU
		{39132456-D630-455E-AB04-D27C441F613F}.Release|Any CPU.ActiveCfg = Release|Any CPU
		{39132456-D630-455E-AB04-D27C441F613F}.Release|Any CPU.Build.0 = Release|Any CPU
		{DDFD532D-F62C-4DAD-93A7-DFD8DABB12F4}.Debug|Any CPU.ActiveCfg = Debug|Any CPU
		{DDFD532D-F62C-4DAD-93A7-DFD8DABB12F4}.Debug|Any CPU.Build.0 = Debug|Any CPU
		{DDFD532D-F62C-4DAD-93A7-DFD8DABB12F4}.Release|Any CPU.ActiveCfg = Release|Any CPU
		{DDFD532D-F62C-4DAD-93A7-DFD8DABB12F4}.Release|Any CPU.Build.0 = Release|Any CPU
		{EDD05468-4CC1-46DC-BB88-236546E845FC}.Debug|Any CPU.ActiveCfg = Debug|Any CPU
		{EDD05468-4CC1-46DC-BB88-236546E845FC}.Debug|Any CPU.Build.0 = Debug|Any CPU
		{EDD05468-4CC1-46DC-BB88-236546E845FC}.Release|Any CPU.ActiveCfg = Release|Any CPU
		{EDD05468-4CC1-46DC-BB88-236546E845FC}.Release|Any CPU.Build.0 = Release|Any CPU
		{D5F2264F-3A43-4919-85B2-4EF840033740}.Debug|Any CPU.ActiveCfg = Debug|Any CPU
		{D5F2264F-3A43-4919-85B2-4EF840033740}.Debug|Any CPU.Build.0 = Debug|Any CPU
		{D5F2264F-3A43-4919-85B2-4EF840033740}.Release|Any CPU.ActiveCfg = Release|Any CPU
		{D5F2264F-3A43-4919-85B2-4EF840033740}.Release|Any CPU.Build.0 = Release|Any CPU
		{2BDB1967-76F5-48B6-9BD0-6C95B48B8F8A}.Debug|Any CPU.ActiveCfg = Debug|Any CPU
		{2BDB1967-76F5-48B6-9BD0-6C95B48B8F8A}.Debug|Any CPU.Build.0 = Debug|Any CPU
		{2BDB1967-76F5-48B6-9BD0-6C95B48B8F8A}.Release|Any CPU.ActiveCfg = Release|Any CPU
		{2BDB1967-76F5-48B6-9BD0-6C95B48B8F8A}.Release|Any CPU.Build.0 = Release|Any CPU
		{4E0439A3-58A4-4C12-8517-B82FEF16D21C}.Debug|Any CPU.ActiveCfg = Debug|Any CPU
		{4E0439A3-58A4-4C12-8517-B82FEF16D21C}.Debug|Any CPU.Build.0 = Debug|Any CPU
		{4E0439A3-58A4-4C12-8517-B82FEF16D21C}.Release|Any CPU.ActiveCfg = Release|Any CPU
		{4E0439A3-58A4-4C12-8517-B82FEF16D21C}.Release|Any CPU.Build.0 = Release|Any CPU
		{446DFEF9-FBA7-47B8-B7BD-38A392FF1EEE}.Debug|Any CPU.ActiveCfg = Debug|Any CPU
		{446DFEF9-FBA7-47B8-B7BD-38A392FF1EEE}.Debug|Any CPU.Build.0 = Debug|Any CPU
		{446DFEF9-FBA7-47B8-B7BD-38A392FF1EEE}.Release|Any CPU.ActiveCfg = Release|Any CPU
		{446DFEF9-FBA7-47B8-B7BD-38A392FF1EEE}.Release|Any CPU.Build.0 = Release|Any CPU
		{8601D50E-D464-4146-BC3E-D753A5F5CD59}.Debug|Any CPU.ActiveCfg = Debug|Any CPU
		{8601D50E-D464-4146-BC3E-D753A5F5CD59}.Debug|Any CPU.Build.0 = Debug|Any CPU
		{8601D50E-D464-4146-BC3E-D753A5F5CD59}.Release|Any CPU.ActiveCfg = Release|Any CPU
		{8601D50E-D464-4146-BC3E-D753A5F5CD59}.Release|Any CPU.Build.0 = Release|Any CPU
		{E86B6A66-E1D4-44B6-9D23-52D1C0E9F7A4}.Debug|Any CPU.ActiveCfg = Debug|Any CPU
		{E86B6A66-E1D4-44B6-9D23-52D1C0E9F7A4}.Debug|Any CPU.Build.0 = Debug|Any CPU
		{E86B6A66-E1D4-44B6-9D23-52D1C0E9F7A4}.Release|Any CPU.ActiveCfg = Release|Any CPU
		{E86B6A66-E1D4-44B6-9D23-52D1C0E9F7A4}.Release|Any CPU.Build.0 = Release|Any CPU
		{46A4E782-E37F-46BB-AF35-A0BB983260D4}.Debug|Any CPU.ActiveCfg = Debug|Any CPU
		{46A4E782-E37F-46BB-AF35-A0BB983260D4}.Debug|Any CPU.Build.0 = Debug|Any CPU
		{46A4E782-E37F-46BB-AF35-A0BB983260D4}.Release|Any CPU.ActiveCfg = Release|Any CPU
		{46A4E782-E37F-46BB-AF35-A0BB983260D4}.Release|Any CPU.Build.0 = Release|Any CPU
	EndGlobalSection
	GlobalSection(SolutionProperties) = preSolution
		HideSolutionNode = FALSE
	EndGlobalSection
	GlobalSection(NestedProjects) = preSolution
		{B8104A41-39D4-40F1-BD62-E562E6F0F760} = {583958EE-863D-4819-93B2-99D0D69A07C3}
		{30871FD3-0DAB-4684-A5D1-1994E166184B} = {583958EE-863D-4819-93B2-99D0D69A07C3}
		{9DE3A2DE-C764-4EA9-BBBA-8D3D4985722F} = {583958EE-863D-4819-93B2-99D0D69A07C3}
		{5B6585D8-4DEB-4715-9DBC-564F9CBEE398} = {583958EE-863D-4819-93B2-99D0D69A07C3}
		{D4AF248C-8EBD-45FE-95C0-0F9461B03BE9} = {583958EE-863D-4819-93B2-99D0D69A07C3}
		{B5A2C854-CD6D-4A1F-ACF0-B0AA09B4658D} = {B53EDB27-678F-4484-BE12-6780128B52EA}
		{A4D142B6-25C4-45DF-A880-4D7D2D3A87E1} = {B53EDB27-678F-4484-BE12-6780128B52EA}
		{09F8C84C-C213-418D-A622-A816B0482B1B} = {B53EDB27-678F-4484-BE12-6780128B52EA}
		{52B31AC2-95A7-40C7-8716-DF85CFCB69A7} = {B53EDB27-678F-4484-BE12-6780128B52EA}
		{39132456-D630-455E-AB04-D27C441F613F} = {B53EDB27-678F-4484-BE12-6780128B52EA}
		{DDFD532D-F62C-4DAD-93A7-DFD8DABB12F4} = {00690FE0-E4B9-4A59-B02C-AAFD01A42BB3}
		{EDD05468-4CC1-46DC-BB88-236546E845FC} = {00690FE0-E4B9-4A59-B02C-AAFD01A42BB3}
		{D5F2264F-3A43-4919-85B2-4EF840033740} = {00690FE0-E4B9-4A59-B02C-AAFD01A42BB3}
		{2BDB1967-76F5-48B6-9BD0-6C95B48B8F8A} = {00690FE0-E4B9-4A59-B02C-AAFD01A42BB3}
		{4E0439A3-58A4-4C12-8517-B82FEF16D21C} = {89FF9D6E-978B-4F0C-A246-848BF4A337E6}
		{446DFEF9-FBA7-47B8-B7BD-38A392FF1EEE} = {89FF9D6E-978B-4F0C-A246-848BF4A337E6}
		{8601D50E-D464-4146-BC3E-D753A5F5CD59} = {89FF9D6E-978B-4F0C-A246-848BF4A337E6}
		{E86B6A66-E1D4-44B6-9D23-52D1C0E9F7A4} = {89FF9D6E-978B-4F0C-A246-848BF4A337E6}
		{46A4E782-E37F-46BB-AF35-A0BB983260D4} = {898CC525-911D-4DA6-9435-ADAEC2D2EFA9}
	EndGlobalSection
	GlobalSection(ExtensibilityGlobals) = postSolution
		SolutionGuid = {1D590BB2-A773-4179-816F-B238042DD4D8}
	EndGlobalSection
EndGlobal
